<?xml version="1.0" encoding="utf-8"?>
<Project ToolsVersion="4.0" xmlns="http://schemas.microsoft.com/developer/msbuild/2003">
  <ItemGroup>
    <Filter Include="Source Files">
      <UniqueIdentifier>{4FC737F1-C7A5-4376-A066-2A32D752A2FF}</UniqueIdentifier>
      <Extensions>cpp;c;cc;cxx;def;odl;idl;hpj;bat;asm;asmx</Extensions>
    </Filter>
    <Filter Include="Header Files">
      <UniqueIdentifier>{93995380-89BD-4b04-88EB-625FBE52EBFB}</UniqueIdentifier>
      <Extensions>h;hh;hpp;hxx;hm;inl;inc;xsd</Extensions>
    </Filter>
    <Filter Include="Resource Files">
      <UniqueIdentifier>{67DA6AB6-F800-4c08-8B7A-83BB121AAD01}</UniqueIdentifier>
      <Extensions>rc;ico;cur;bmp;dlg;rc2;rct;bin;rgs;gif;jpg;jpeg;jpe;resx;tiff;tif;png;wav;mfcribbon-ms</Extensions>
    </Filter>
  </ItemGroup>
  <ItemGroup>
    <Text Include="ReadMe.txt" />
    <Text Include="CopyList_x86.txt" />
    <Text Include="CopyList_x64.txt" />
    <Text Include="glew-2.1.0\LICENSE.txt" />
  </ItemGroup>
  <ItemGroup>
    <ClInclude Include="stdafx.h">
      <Filter>Header Files</Filter>
    </ClInclude>
    <ClInclude Include="targetver.h">
      <Filter>Header Files</Filter>
    </ClInclude>
    <ClInclude Include="math_3d.h">
      <Filter>Header Files</Filter>
    </ClInclude>
    <ClInclude Include="freeglut\include\GL\freeglut.h">
      <Filter>Header Files</Filter>
    </ClInclude>
    <ClInclude Include="freeglut\include\GL\freeglut_ext.h">
      <Filter>Header Files</Filter>
    </ClInclude>
    <ClInclude Include="freeglut\include\GL\freeglut_std.h">
      <Filter>Header Files</Filter>
    </ClInclude>
    <ClInclude Include="freeglut\include\GL\freeglut_ucall.h">
      <Filter>Header Files</Filter>
    </ClInclude>
    <ClInclude Include="freeglut\include\GL\glut.h">
      <Filter>Header Files</Filter>
    </ClInclude>
    <ClInclude Include="glew-2.1.0\include\GL\eglew.h">
      <Filter>Header Files</Filter>
    </ClInclude>
    <ClInclude Include="glew-2.1.0\include\GL\glew.h">
      <Filter>Header Files</Filter>
    </ClInclude>
    <ClInclude Include="glew-2.1.0\include\GL\glxew.h">
      <Filter>Header Files</Filter>
    </ClInclude>
    <ClInclude Include="glew-2.1.0\include\GL\wglew.h">
      <Filter>Header Files</Filter>
    </ClInclude>
  </ItemGroup>
  <ItemGroup>
    <ClCompile Include="stdafx.cpp">
      <Filter>Source Files</Filter>
    </ClCompile>
    <ClCompile Include="main.cpp">
      <Filter>Source Files</Filter>
    </ClCompile>
  </ItemGroup>
  <ItemGroup>
    <None Include="CopyList.bat">
      <Filter>Source Files</Filter>
    </None>
    <None Include="glew-2.1.0\bin\Release\x64\visualinfo.exe" />
    <None Include="glew-2.1.0\bin\Release\Win32\glew32.dll" />
    <None Include="glew-2.1.0\bin\Release\Win32\glewinfo.exe" />
    <None Include="glew-2.1.0\bin\Release\Win32\visualinfo.exe" />
    <None Include="glew-2.1.0\bin\Release\x64\glew32.dll" />
    <None Include="glew-2.1.0\bin\Release\x64\glewinfo.exe" />
    <None Include="freeglut\build\Win32\bin\Release\freeglut.dll" />
    <None Include="freeglut\build\Win32\lib\Release\freeglut.exp" />
    <None Include="freeglut\build\x64\bin\Release\freeglut.dll" />
    <None Include="freeglut\build\x64\lib\Release\freeglut.exp" />
  </ItemGroup>
  <ItemGroup>
    <Library Include="glew-2.1.0\lib\Release\x64\glew32s.lib" />
    <Library Include="glew-2.1.0\lib\Release\x64\glew32.lib" />
    <Library Include="glew-2.1.0\lib\Release\Win32\glew32s.lib" />
    <Library Include="glew-2.1.0\lib\Release\Win32\glew32.lib" />
    <Library Include="freeglut\build\x64\lib\Release\freeglut_static.lib" />
    <Library Include="freeglut\build\Win32\lib\Release\freeglut.lib" />
    <Library Include="freeglut\build\Win32\lib\Release\freeglut_static.lib" />
    <Library Include="freeglut\build\x64\lib\Release\freeglut.lib" />
  </ItemGroup>
</Project>